// !$*UTF8*$!
{
	archiveVersion = 1;
	classes = {
	};
	objectVersion = 51;
	objects = {

/* Begin PBXBuildFile section */
		390EA7C423A284E7004E74B0 /* RecipeCell.swift in Sources */ = {isa = PBXBuildFile; fileRef = 390EA7C323A284E7004E74B0 /* RecipeCell.swift */; };
		390EA7C623A2853D004E74B0 /* UIExtensions.swift in Sources */ = {isa = PBXBuildFile; fileRef = 390EA7C523A2853D004E74B0 /* UIExtensions.swift */; };
		390EA7C923A2ADC4004E74B0 /* Ingredient.swift in Sources */ = {isa = PBXBuildFile; fileRef = 390EA7C823A2ADC4004E74B0 /* Ingredient.swift */; };
		3925EDC923A57BFF00DA9347 /* GoogleService-Info.plist in Resources */ = {isa = PBXBuildFile; fileRef = 3925EDC823A57BFF00DA9347 /* GoogleService-Info.plist */; };
		3925EDCB23A57F2800DA9347 /* User.swift in Sources */ = {isa = PBXBuildFile; fileRef = 3925EDCA23A57F2800DA9347 /* User.swift */; };
		3925EDCD23AD420F00DA9347 /* Fridge.swift in Sources */ = {isa = PBXBuildFile; fileRef = 3925EDCC23AD420F00DA9347 /* Fridge.swift */; };
		392805AD23A1E8BF00C39248 /* RecipeViewController.swift in Sources */ = {isa = PBXBuildFile; fileRef = 392805AC23A1E8BF00C39248 /* RecipeViewController.swift */; };
		3942D1FA23B1278A00092406 /* IngredientPopupViewController.swift in Sources */ = {isa = PBXBuildFile; fileRef = 3942D1F923B1278A00092406 /* IngredientPopupViewController.swift */; };
		3942D1FC23B127A900092406 /* IngredientPopupView.swift in Sources */ = {isa = PBXBuildFile; fileRef = 3942D1FB23B127A900092406 /* IngredientPopupView.swift */; };
		3942D20023B12B2D00092406 /* PickerView.swift in Sources */ = {isa = PBXBuildFile; fileRef = 3942D1FF23B12B2D00092406 /* PickerView.swift */; };
		398AA6C123B27BB5001815BE /* PopupTableViewController.swift in Sources */ = {isa = PBXBuildFile; fileRef = 398AA6C023B27BB5001815BE /* PopupTableViewController.swift */; };
		398AA6C323B27BD5001815BE /* PopupTableView.swift in Sources */ = {isa = PBXBuildFile; fileRef = 398AA6C223B27BD5001815BE /* PopupTableView.swift */; };
		398AA6C523B27BEC001815BE /* PopupTableViewCell.swift in Sources */ = {isa = PBXBuildFile; fileRef = 398AA6C423B27BEC001815BE /* PopupTableViewCell.swift */; };
		39F0AC9823AE6E7A009EDC67 /* FridgeViewController.swift in Sources */ = {isa = PBXBuildFile; fileRef = 39F0AC9723AE6E7A009EDC67 /* FridgeViewController.swift */; };
		39F0AC9A23AE70E2009EDC67 /* BaseCell.swift in Sources */ = {isa = PBXBuildFile; fileRef = 39F0AC9923AE70E2009EDC67 /* BaseCell.swift */; };
		39F0AC9C23AE7425009EDC67 /* FoodGroupCell.swift in Sources */ = {isa = PBXBuildFile; fileRef = 39F0AC9B23AE7425009EDC67 /* FoodGroupCell.swift */; };
		39FA028B23A01181004A807A /* AppDelegate.swift in Sources */ = {isa = PBXBuildFile; fileRef = 39FA028A23A01181004A807A /* AppDelegate.swift */; };
		39FA028D23A01181004A807A /* SceneDelegate.swift in Sources */ = {isa = PBXBuildFile; fileRef = 39FA028C23A01181004A807A /* SceneDelegate.swift */; };
		39FA028F23A01181004A807A /* RecipeSearchViewController.swift in Sources */ = {isa = PBXBuildFile; fileRef = 39FA028E23A01181004A807A /* RecipeSearchViewController.swift */; };
		39FA029423A01184004A807A /* Assets.xcassets in Resources */ = {isa = PBXBuildFile; fileRef = 39FA029323A01184004A807A /* Assets.xcassets */; };
		39FA029723A01184004A807A /* LaunchScreen.storyboard in Resources */ = {isa = PBXBuildFile; fileRef = 39FA029523A01184004A807A /* LaunchScreen.storyboard */; };
		39FA02A423A04DB1004A807A /* Recipe.swift in Sources */ = {isa = PBXBuildFile; fileRef = 39FA02A323A04DB1004A807A /* Recipe.swift */; };
		39FA02A823A0546E004A807A /* RecipeRequest.swift in Sources */ = {isa = PBXBuildFile; fileRef = 39FA02A723A0546E004A807A /* RecipeRequest.swift */; };
		F46322561DD13D9315444FE6 /* Pods_Fridge_to_Food.framework in Frameworks */ = {isa = PBXBuildFile; fileRef = D60298164B36CE7CD1D61C07 /* Pods_Fridge_to_Food.framework */; };
/* End PBXBuildFile section */

/* Begin PBXFileReference section */
		390EA7C323A284E7004E74B0 /* RecipeCell.swift */ = {isa = PBXFileReference; lastKnownFileType = sourcecode.swift; path = RecipeCell.swift; sourceTree = "<group>"; };
		390EA7C523A2853D004E74B0 /* UIExtensions.swift */ = {isa = PBXFileReference; lastKnownFileType = sourcecode.swift; path = UIExtensions.swift; sourceTree = "<group>"; };
		390EA7C823A2ADC4004E74B0 /* Ingredient.swift */ = {isa = PBXFileReference; lastKnownFileType = sourcecode.swift; path = Ingredient.swift; sourceTree = "<group>"; };
		3925EDC823A57BFF00DA9347 /* GoogleService-Info.plist */ = {isa = PBXFileReference; fileEncoding = 4; lastKnownFileType = text.plist.xml; name = "GoogleService-Info.plist"; path = "../../../Downloads/GoogleService-Info.plist"; sourceTree = "<group>"; };
		3925EDCA23A57F2800DA9347 /* User.swift */ = {isa = PBXFileReference; lastKnownFileType = sourcecode.swift; path = User.swift; sourceTree = "<group>"; };
		3925EDCC23AD420F00DA9347 /* Fridge.swift */ = {isa = PBXFileReference; lastKnownFileType = sourcecode.swift; path = Fridge.swift; sourceTree = "<group>"; };
		392805AC23A1E8BF00C39248 /* RecipeViewController.swift */ = {isa = PBXFileReference; lastKnownFileType = sourcecode.swift; path = RecipeViewController.swift; sourceTree = "<group>"; };
		3942D1F923B1278A00092406 /* IngredientPopupViewController.swift */ = {isa = PBXFileReference; lastKnownFileType = sourcecode.swift; path = IngredientPopupViewController.swift; sourceTree = "<group>"; };
		3942D1FB23B127A900092406 /* IngredientPopupView.swift */ = {isa = PBXFileReference; lastKnownFileType = sourcecode.swift; path = IngredientPopupView.swift; sourceTree = "<group>"; };
		3942D1FF23B12B2D00092406 /* PickerView.swift */ = {isa = PBXFileReference; lastKnownFileType = sourcecode.swift; path = PickerView.swift; sourceTree = "<group>"; };
		398AA6C023B27BB5001815BE /* PopupTableViewController.swift */ = {isa = PBXFileReference; lastKnownFileType = sourcecode.swift; path = PopupTableViewController.swift; sourceTree = "<group>"; };
		398AA6C223B27BD5001815BE /* PopupTableView.swift */ = {isa = PBXFileReference; lastKnownFileType = sourcecode.swift; path = PopupTableView.swift; sourceTree = "<group>"; };
		398AA6C423B27BEC001815BE /* PopupTableViewCell.swift */ = {isa = PBXFileReference; lastKnownFileType = sourcecode.swift; path = PopupTableViewCell.swift; sourceTree = "<group>"; };
		39F0AC9723AE6E7A009EDC67 /* FridgeViewController.swift */ = {isa = PBXFileReference; lastKnownFileType = sourcecode.swift; path = FridgeViewController.swift; sourceTree = "<group>"; };
		39F0AC9923AE70E2009EDC67 /* BaseCell.swift */ = {isa = PBXFileReference; lastKnownFileType = sourcecode.swift; path = BaseCell.swift; sourceTree = "<group>"; };
		39F0AC9B23AE7425009EDC67 /* FoodGroupCell.swift */ = {isa = PBXFileReference; lastKnownFileType = sourcecode.swift; path = FoodGroupCell.swift; sourceTree = "<group>"; };
		39FA028723A01181004A807A /* Fridge to Food.app */ = {isa = PBXFileReference; explicitFileType = wrapper.application; includeInIndex = 0; path = "Fridge to Food.app"; sourceTree = BUILT_PRODUCTS_DIR; };
		39FA028A23A01181004A807A /* AppDelegate.swift */ = {isa = PBXFileReference; lastKnownFileType = sourcecode.swift; path = AppDelegate.swift; sourceTree = "<group>"; };
		39FA028C23A01181004A807A /* SceneDelegate.swift */ = {isa = PBXFileReference; lastKnownFileType = sourcecode.swift; path = SceneDelegate.swift; sourceTree = "<group>"; };
		39FA028E23A01181004A807A /* RecipeSearchViewController.swift */ = {isa = PBXFileReference; lastKnownFileType = sourcecode.swift; path = RecipeSearchViewController.swift; sourceTree = "<group>"; };
		39FA029323A01184004A807A /* Assets.xcassets */ = {isa = PBXFileReference; lastKnownFileType = folder.assetcatalog; path = Assets.xcassets; sourceTree = "<group>"; };
		39FA029623A01184004A807A /* Base */ = {isa = PBXFileReference; lastKnownFileType = file.storyboard; name = Base; path = Base.lproj/LaunchScreen.storyboard; sourceTree = "<group>"; };
		39FA029823A01184004A807A /* Info.plist */ = {isa = PBXFileReference; lastKnownFileType = text.plist.xml; path = Info.plist; sourceTree = "<group>"; };
		39FA02A323A04DB1004A807A /* Recipe.swift */ = {isa = PBXFileReference; lastKnownFileType = sourcecode.swift; path = Recipe.swift; sourceTree = "<group>"; };
		39FA02A723A0546E004A807A /* RecipeRequest.swift */ = {isa = PBXFileReference; lastKnownFileType = sourcecode.swift; path = RecipeRequest.swift; sourceTree = "<group>"; };
		9D5FF035A890DA02A5984012 /* Pods-Fridge to Food.release.xcconfig */ = {isa = PBXFileReference; includeInIndex = 1; lastKnownFileType = text.xcconfig; name = "Pods-Fridge to Food.release.xcconfig"; path = "Target Support Files/Pods-Fridge to Food/Pods-Fridge to Food.release.xcconfig"; sourceTree = "<group>"; };
		B1045B71B118AA0C342944BD /* Pods-Fridge to Food.debug.xcconfig */ = {isa = PBXFileReference; includeInIndex = 1; lastKnownFileType = text.xcconfig; name = "Pods-Fridge to Food.debug.xcconfig"; path = "Target Support Files/Pods-Fridge to Food/Pods-Fridge to Food.debug.xcconfig"; sourceTree = "<group>"; };
		D60298164B36CE7CD1D61C07 /* Pods_Fridge_to_Food.framework */ = {isa = PBXFileReference; explicitFileType = wrapper.framework; includeInIndex = 0; path = Pods_Fridge_to_Food.framework; sourceTree = BUILT_PRODUCTS_DIR; };
/* End PBXFileReference section */

/* Begin PBXFrameworksBuildPhase section */
		39FA028423A01181004A807A /* Frameworks */ = {
			isa = PBXFrameworksBuildPhase;
			buildActionMask = 2147483647;
			files = (
				F46322561DD13D9315444FE6 /* Pods_Fridge_to_Food.framework in Frameworks */,
			);
			runOnlyForDeploymentPostprocessing = 0;
		};
/* End PBXFrameworksBuildPhase section */

/* Begin PBXGroup section */
		390EA7C223A284C6004E74B0 /* Views */ = {
			isa = PBXGroup;
			children = (
				3942D20123B157D600092406 /* CollectionViewCells */,
				3942D1FB23B127A900092406 /* IngredientPopupView.swift */,
				3942D1FF23B12B2D00092406 /* PickerView.swift */,
				398AA6C223B27BD5001815BE /* PopupTableView.swift */,
			);
			path = Views;
			sourceTree = "<group>";
		};
		390EA7C723A28545004E74B0 /* Extensions */ = {
			isa = PBXGroup;
			children = (
				390EA7C523A2853D004E74B0 /* UIExtensions.swift */,
			);
			path = Extensions;
			sourceTree = "<group>";
		};
		3942D20123B157D600092406 /* CollectionViewCells */ = {
			isa = PBXGroup;
			children = (
				390EA7C323A284E7004E74B0 /* RecipeCell.swift */,
				39F0AC9923AE70E2009EDC67 /* BaseCell.swift */,
				39F0AC9B23AE7425009EDC67 /* FoodGroupCell.swift */,
				398AA6C423B27BEC001815BE /* PopupTableViewCell.swift */,
			);
			path = CollectionViewCells;
			sourceTree = "<group>";
		};
		398AA6C623B27F06001815BE /* Popups */ = {
			isa = PBXGroup;
			children = (
				3942D1F923B1278A00092406 /* IngredientPopupViewController.swift */,
				398AA6C023B27BB5001815BE /* PopupTableViewController.swift */,
			);
			path = Popups;
			sourceTree = "<group>";
		};
		39FA027E23A01181004A807A = {
			isa = PBXGroup;
			children = (
				39FA028923A01181004A807A /* Fridge to Food */,
				39FA028823A01181004A807A /* Products */,
				BC2D8063EDF5E373E1FAB10E /* Pods */,
				3F79247F8CDD24E2B55B88D6 /* Frameworks */,
			);
			sourceTree = "<group>";
		};
		39FA028823A01181004A807A /* Products */ = {
			isa = PBXGroup;
			children = (
				39FA028723A01181004A807A /* Fridge to Food.app */,
			);
			name = Products;
			sourceTree = "<group>";
		};
		39FA028923A01181004A807A /* Fridge to Food */ = {
			isa = PBXGroup;
			children = (
				390EA7C723A28545004E74B0 /* Extensions */,
				39FA02A223A04D90004A807A /* Models */,
				390EA7C223A284C6004E74B0 /* Views */,
				39FA02A123A04B32004A807A /* Controllers */,
				39FA028A23A01181004A807A /* AppDelegate.swift */,
				39FA028C23A01181004A807A /* SceneDelegate.swift */,
				39FA029323A01184004A807A /* Assets.xcassets */,
				39FA029523A01184004A807A /* LaunchScreen.storyboard */,
				39FA029823A01184004A807A /* Info.plist */,
				3925EDC823A57BFF00DA9347 /* GoogleService-Info.plist */,
			);
			path = "Fridge to Food";
			sourceTree = "<group>";
		};
		39FA02A123A04B32004A807A /* Controllers */ = {
			isa = PBXGroup;
			children = (
				398AA6C623B27F06001815BE /* Popups */,
				39FA028E23A01181004A807A /* RecipeSearchViewController.swift */,
				392805AC23A1E8BF00C39248 /* RecipeViewController.swift */,
				39F0AC9723AE6E7A009EDC67 /* FridgeViewController.swift */,
			);
			path = Controllers;
			sourceTree = "<group>";
		};
		39FA02A223A04D90004A807A /* Models */ = {
			isa = PBXGroup;
			children = (
				39FA02A323A04DB1004A807A /* Recipe.swift */,
				39FA02A723A0546E004A807A /* RecipeRequest.swift */,
				390EA7C823A2ADC4004E74B0 /* Ingredient.swift */,
				3925EDCA23A57F2800DA9347 /* User.swift */,
				3925EDCC23AD420F00DA9347 /* Fridge.swift */,
			);
			path = Models;
			sourceTree = "<group>";
		};
		3F79247F8CDD24E2B55B88D6 /* Frameworks */ = {
			isa = PBXGroup;
			children = (
				D60298164B36CE7CD1D61C07 /* Pods_Fridge_to_Food.framework */,
			);
			name = Frameworks;
			sourceTree = "<group>";
		};
		BC2D8063EDF5E373E1FAB10E /* Pods */ = {
			isa = PBXGroup;
			children = (
				B1045B71B118AA0C342944BD /* Pods-Fridge to Food.debug.xcconfig */,
				9D5FF035A890DA02A5984012 /* Pods-Fridge to Food.release.xcconfig */,
			);
			path = Pods;
			sourceTree = "<group>";
		};
/* End PBXGroup section */

/* Begin PBXNativeTarget section */
		39FA028623A01181004A807A /* Fridge to Food */ = {
			isa = PBXNativeTarget;
			buildConfigurationList = 39FA029B23A01184004A807A /* Build configuration list for PBXNativeTarget "Fridge to Food" */;
			buildPhases = (
				A5BBB78E6F49A37CD60BD8B9 /* [CP] Check Pods Manifest.lock */,
				39FA028323A01181004A807A /* Sources */,
				39FA028423A01181004A807A /* Frameworks */,
				39FA028523A01181004A807A /* Resources */,
				B4C1EBCFB9DE71827ECF5D2F /* [CP] Embed Pods Frameworks */,
			);
			buildRules = (
			);
			dependencies = (
			);
			name = "Fridge to Food";
			productName = "Fridge to Food";
			productReference = 39FA028723A01181004A807A /* Fridge to Food.app */;
			productType = "com.apple.product-type.application";
		};
/* End PBXNativeTarget section */

/* Begin PBXProject section */
		39FA027F23A01181004A807A /* Project object */ = {
			isa = PBXProject;
			attributes = {
				LastSwiftUpdateCheck = 1130;
				LastUpgradeCheck = 1130;
				ORGANIZATIONNAME = "Debanik Purkayastha";
				TargetAttributes = {
					39FA028623A01181004A807A = {
						CreatedOnToolsVersion = 11.3;
					};
				};
			};
			buildConfigurationList = 39FA028223A01181004A807A /* Build configuration list for PBXProject "Fridge to Food" */;
			compatibilityVersion = "Xcode 9.3";
			developmentRegion = en;
			hasScannedForEncodings = 0;
			knownRegions = (
				en,
				Base,
			);
			mainGroup = 39FA027E23A01181004A807A;
			productRefGroup = 39FA028823A01181004A807A /* Products */;
			projectDirPath = "";
			projectRoot = "";
			targets = (
				39FA028623A01181004A807A /* Fridge to Food */,
			);
		};
/* End PBXProject section */

/* Begin PBXResourcesBuildPhase section */
		39FA028523A01181004A807A /* Resources */ = {
			isa = PBXResourcesBuildPhase;
			buildActionMask = 2147483647;
			files = (
				39FA029723A01184004A807A /* LaunchScreen.storyboard in Resources */,
				39FA029423A01184004A807A /* Assets.xcassets in Resources */,
				3925EDC923A57BFF00DA9347 /* GoogleService-Info.plist in Resources */,
			);
			runOnlyForDeploymentPostprocessing = 0;
		};
/* End PBXResourcesBuildPhase section */

/* Begin PBXShellScriptBuildPhase section */
		A5BBB78E6F49A37CD60BD8B9 /* [CP] Check Pods Manifest.lock */ = {
			isa = PBXShellScriptBuildPhase;
			buildActionMask = 2147483647;
			files = (
			);
			inputFileListPaths = (
			);
			inputPaths = (
				"${PODS_PODFILE_DIR_PATH}/Podfile.lock",
				"${PODS_ROOT}/Manifest.lock",
			);
			name = "[CP] Check Pods Manifest.lock";
			outputFileListPaths = (
			);
			outputPaths = (
				"$(DERIVED_FILE_DIR)/Pods-Fridge to Food-checkManifestLockResult.txt",
			);
			runOnlyForDeploymentPostprocessing = 0;
			shellPath = /bin/sh;
			shellScript = "diff \"${PODS_PODFILE_DIR_PATH}/Podfile.lock\" \"${PODS_ROOT}/Manifest.lock\" > /dev/null\nif [ $? != 0 ] ; then\n    # print error to STDERR\n    echo \"error: The sandbox is not in sync with the Podfile.lock. Run 'pod install' or update your CocoaPods installation.\" >&2\n    exit 1\nfi\n# This output is used by Xcode 'outputs' to avoid re-running this script phase.\necho \"SUCCESS\" > \"${SCRIPT_OUTPUT_FILE_0}\"\n";
			showEnvVarsInLog = 0;
		};
		B4C1EBCFB9DE71827ECF5D2F /* [CP] Embed Pods Frameworks */ = {
			isa = PBXShellScriptBuildPhase;
			buildActionMask = 2147483647;
			files = (
			);
			inputFileListPaths = (
				"${PODS_ROOT}/Target Support Files/Pods-Fridge to Food/Pods-Fridge to Food-frameworks-${CONFIGURATION}-input-files.xcfilelist",
			);
			name = "[CP] Embed Pods Frameworks";
			outputFileListPaths = (
				"${PODS_ROOT}/Target Support Files/Pods-Fridge to Food/Pods-Fridge to Food-frameworks-${CONFIGURATION}-output-files.xcfilelist",
			);
			runOnlyForDeploymentPostprocessing = 0;
			shellPath = /bin/sh;
			shellScript = "\"${PODS_ROOT}/Target Support Files/Pods-Fridge to Food/Pods-Fridge to Food-frameworks.sh\"\n";
			showEnvVarsInLog = 0;
		};
/* End PBXShellScriptBuildPhase section */

/* Begin PBXSourcesBuildPhase section */
		39FA028323A01181004A807A /* Sources */ = {
			isa = PBXSourcesBuildPhase;
			buildActionMask = 2147483647;
			files = (
				39FA028F23A01181004A807A /* RecipeSearchViewController.swift in Sources */,
				39FA028B23A01181004A807A /* AppDelegate.swift in Sources */,
				398AA6C123B27BB5001815BE /* PopupTableViewController.swift in Sources */,
				3925EDCD23AD420F00DA9347 /* Fridge.swift in Sources */,
				390EA7C923A2ADC4004E74B0 /* Ingredient.swift in Sources */,
				392805AD23A1E8BF00C39248 /* RecipeViewController.swift in Sources */,
				398AA6C523B27BEC001815BE /* PopupTableViewCell.swift in Sources */,
				39F0AC9A23AE70E2009EDC67 /* BaseCell.swift in Sources */,
				3942D1FC23B127A900092406 /* IngredientPopupView.swift in Sources */,
				39F0AC9C23AE7425009EDC67 /* FoodGroupCell.swift in Sources */,
				39F0AC9823AE6E7A009EDC67 /* FridgeViewController.swift in Sources */,
				3942D20023B12B2D00092406 /* PickerView.swift in Sources */,
				3942D1FA23B1278A00092406 /* IngredientPopupViewController.swift in Sources */,
				398AA6C323B27BD5001815BE /* PopupTableView.swift in Sources */,
				390EA7C623A2853D004E74B0 /* UIExtensions.swift in Sources */,
				390EA7C423A284E7004E74B0 /* RecipeCell.swift in Sources */,
				39FA028D23A01181004A807A /* SceneDelegate.swift in Sources */,
				39FA02A423A04DB1004A807A /* Recipe.swift in Sources */,
				3925EDCB23A57F2800DA9347 /* User.swift in Sources */,
				39FA02A823A0546E004A807A /* RecipeRequest.swift in Sources */,
			);
			runOnlyForDeploymentPostprocessing = 0;
		};
/* End PBXSourcesBuildPhase section */

/* Begin PBXVariantGroup section */
		39FA029523A01184004A807A /* LaunchScreen.storyboard */ = {
			isa = PBXVariantGroup;
			children = (
				39FA029623A01184004A807A /* Base */,
			);
			name = LaunchScreen.storyboard;
			sourceTree = "<group>";
		};
/* End PBXVariantGroup section */

/* Begin XCBuildConfiguration section */
		39FA029923A01184004A807A /* Debug */ = {
			isa = XCBuildConfiguration;
			buildSettings = {
				ALWAYS_SEARCH_USER_PATHS = NO;
				CLANG_ANALYZER_NONNULL = YES;
				CLANG_ANALYZER_NUMBER_OBJECT_CONVERSION = YES_AGGRESSIVE;
				CLANG_CXX_LANGUAGE_STANDARD = "gnu++14";
				CLANG_CXX_LIBRARY = "libc++";
				CLANG_ENABLE_MODULES = YES;
				CLANG_ENABLE_OBJC_ARC = YES;
				CLANG_ENABLE_OBJC_WEAK = YES;
				CLANG_WARN_BLOCK_CAPTURE_AUTORELEASING = YES;
				CLANG_WARN_BOOL_CONVERSION = YES;
				CLANG_WARN_COMMA = YES;
				CLANG_WARN_CONSTANT_CONVERSION = YES;
				CLANG_WARN_DEPRECATED_OBJC_IMPLEMENTATIONS = YES;
				CLANG_WARN_DIRECT_OBJC_ISA_USAGE = YES_ERROR;
				CLANG_WARN_DOCUMENTATION_COMMENTS = YES;
				CLANG_WARN_EMPTY_BODY = YES;
				CLANG_WARN_ENUM_CONVERSION = YES;
				CLANG_WARN_INFINITE_RECURSION = YES;
				CLANG_WARN_INT_CONVERSION = YES;
				CLANG_WARN_NON_LITERAL_NULL_CONVERSION = YES;
				CLANG_WARN_OBJC_IMPLICIT_RETAIN_SELF = YES;
				CLANG_WARN_OBJC_LITERAL_CONVERSION = YES;
				CLANG_WARN_OBJC_ROOT_CLASS = YES_ERROR;
				CLANG_WARN_RANGE_LOOP_ANALYSIS = YES;
				CLANG_WARN_STRICT_PROTOTYPES = YES;
				CLANG_WARN_SUSPICIOUS_MOVE = YES;
				CLANG_WARN_UNGUARDED_AVAILABILITY = YES_AGGRESSIVE;
				CLANG_WARN_UNREACHABLE_CODE = YES;
				CLANG_WARN__DUPLICATE_METHOD_MATCH = YES;
				COPY_PHASE_STRIP = NO;
				DEBUG_INFORMATION_FORMAT = dwarf;
				ENABLE_STRICT_OBJC_MSGSEND = YES;
				ENABLE_TESTABILITY = YES;
				GCC_C_LANGUAGE_STANDARD = gnu11;
				GCC_DYNAMIC_NO_PIC = NO;
				GCC_NO_COMMON_BLOCKS = YES;
				GCC_OPTIMIZATION_LEVEL = 0;
				GCC_PREPROCESSOR_DEFINITIONS = (
					"DEBUG=1",
					"$(inherited)",
				);
				GCC_WARN_64_TO_32_BIT_CONVERSION = YES;
				GCC_WARN_ABOUT_RETURN_TYPE = YES_ERROR;
				GCC_WARN_UNDECLARED_SELECTOR = YES;
				GCC_WARN_UNINITIALIZED_AUTOS = YES_AGGRESSIVE;
				GCC_WARN_UNUSED_FUNCTION = YES;
				GCC_WARN_UNUSED_VARIABLE = YES;
				IPHONEOS_DEPLOYMENT_TARGET = 13.2;
				MTL_ENABLE_DEBUG_INFO = INCLUDE_SOURCE;
				MTL_FAST_MATH = YES;
				ONLY_ACTIVE_ARCH = YES;
				SDKROOT = iphoneos;
				SWIFT_ACTIVE_COMPILATION_CONDITIONS = DEBUG;
				SWIFT_OPTIMIZATION_LEVEL = "-Onone";
			};
			name = Debug;
		};
		39FA029A23A01184004A807A /* Release */ = {
			isa = XCBuildConfiguration;
			buildSettings = {
				ALWAYS_SEARCH_USER_PATHS = NO;
				CLANG_ANALYZER_NONNULL = YES;
				CLANG_ANALYZER_NUMBER_OBJECT_CONVERSION = YES_AGGRESSIVE;
				CLANG_CXX_LANGUAGE_STANDARD = "gnu++14";
				CLANG_CXX_LIBRARY = "libc++";
				CLANG_ENABLE_MODULES = YES;
				CLANG_ENABLE_OBJC_ARC = YES;
				CLANG_ENABLE_OBJC_WEAK = YES;
				CLANG_WARN_BLOCK_CAPTURE_AUTORELEASING = YES;
				CLANG_WARN_BOOL_CONVERSION = YES;
				CLANG_WARN_COMMA = YES;
				CLANG_WARN_CONSTANT_CONVERSION = YES;
				CLANG_WARN_DEPRECATED_OBJC_IMPLEMENTATIONS = YES;
				CLANG_WARN_DIRECT_OBJC_ISA_USAGE = YES_ERROR;
				CLANG_WARN_DOCUMENTATION_COMMENTS = YES;
				CLANG_WARN_EMPTY_BODY = YES;
				CLANG_WARN_ENUM_CONVERSION = YES;
				CLANG_WARN_INFINITE_RECURSION = YES;
				CLANG_WARN_INT_CONVERSION = YES;
				CLANG_WARN_NON_LITERAL_NULL_CONVERSION = YES;
				CLANG_WARN_OBJC_IMPLICIT_RETAIN_SELF = YES;
				CLANG_WARN_OBJC_LITERAL_CONVERSION = YES;
				CLANG_WARN_OBJC_ROOT_CLASS = YES_ERROR;
				CLANG_WARN_RANGE_LOOP_ANALYSIS = YES;
				CLANG_WARN_STRICT_PROTOTYPES = YES;
				CLANG_WARN_SUSPICIOUS_MOVE = YES;
				CLANG_WARN_UNGUARDED_AVAILABILITY = YES_AGGRESSIVE;
				CLANG_WARN_UNREACHABLE_CODE = YES;
				CLANG_WARN__DUPLICATE_METHOD_MATCH = YES;
				COPY_PHASE_STRIP = NO;
				DEBUG_INFORMATION_FORMAT = "dwarf-with-dsym";
				ENABLE_NS_ASSERTIONS = NO;
				ENABLE_STRICT_OBJC_MSGSEND = YES;
				GCC_C_LANGUAGE_STANDARD = gnu11;
				GCC_NO_COMMON_BLOCKS = YES;
				GCC_WARN_64_TO_32_BIT_CONVERSION = YES;
				GCC_WARN_ABOUT_RETURN_TYPE = YES_ERROR;
				GCC_WARN_UNDECLARED_SELECTOR = YES;
				GCC_WARN_UNINITIALIZED_AUTOS = YES_AGGRESSIVE;
				GCC_WARN_UNUSED_FUNCTION = YES;
				GCC_WARN_UNUSED_VARIABLE = YES;
				IPHONEOS_DEPLOYMENT_TARGET = 13.2;
				MTL_ENABLE_DEBUG_INFO = NO;
				MTL_FAST_MATH = YES;
				SDKROOT = iphoneos;
				SWIFT_COMPILATION_MODE = wholemodule;
				SWIFT_OPTIMIZATION_LEVEL = "-O";
				VALIDATE_PRODUCT = YES;
			};
			name = Release;
		};
		39FA029C23A01184004A807A /* Debug */ = {
			isa = XCBuildConfiguration;
			baseConfigurationReference = B1045B71B118AA0C342944BD /* Pods-Fridge to Food.debug.xcconfig */;
			buildSettings = {
				ASSETCATALOG_COMPILER_APPICON_NAME = AppIcon;
				CODE_SIGN_STYLE = Automatic;
				DEVELOPMENT_TEAM = C4L47757WW;
				INFOPLIST_FILE = "Fridge to Food/Info.plist";
				IPHONEOS_DEPLOYMENT_TARGET = 13.0;
				LD_RUNPATH_SEARCH_PATHS = (
					"$(inherited)",
					"@executable_path/Frameworks",
				);
				PRODUCT_BUNDLE_IDENTIFIER = "com.DP1997.Fridge-to-Food";
				PRODUCT_NAME = "$(TARGET_NAME)";
				SWIFT_VERSION = 5.0;
				TARGETED_DEVICE_FAMILY = "1,2";
			};
			name = Debug;
		};
		39FA029D23A01184004A807A /* Release */ = {
			isa = XCBuildConfiguration;
			baseConfigurationReference = 9D5FF035A890DA02A5984012 /* Pods-Fridge to Food.release.xcconfig */;
			buildSettings = {
				ASSETCATALOG_COMPILER_APPICON_NAME = AppIcon;
				CODE_SIGN_STYLE = Automatic;
				DEVELOPMENT_TEAM = C4L47757WW;
				INFOPLIST_FILE = "Fridge to Food/Info.plist";
				IPHONEOS_DEPLOYMENT_TARGET = 13.0;
				LD_RUNPATH_SEARCH_PATHS = (
					"$(inherited)",
					"@executable_path/Frameworks",
				);
				PRODUCT_BUNDLE_IDENTIFIER = "com.DP1997.Fridge-to-Food";
				PRODUCT_NAME = "$(TARGET_NAME)";
				SWIFT_VERSION = 5.0;
				TARGETED_DEVICE_FAMILY = "1,2";
			};
			name = Release;
		};
/* End XCBuildConfiguration section */

/* Begin XCConfigurationList section */
		39FA028223A01181004A807A /* Build configuration list for PBXProject "Fridge to Food" */ = {
			isa = XCConfigurationList;
			buildConfigurations = (
				39FA029923A01184004A807A /* Debug */,
				39FA029A23A01184004A807A /* Release */,
			);
			defaultConfigurationIsVisible = 0;
			defaultConfigurationName = Release;
		};
		39FA029B23A01184004A807A /* Build configuration list for PBXNativeTarget "Fridge to Food" */ = {
			isa = XCConfigurationList;
			buildConfigurations = (
				39FA029C23A01184004A807A /* Debug */,
				39FA029D23A01184004A807A /* Release */,
			);
			defaultConfigurationIsVisible = 0;
			defaultConfigurationName = Release;
		};
/* End XCConfigurationList section */
	};
	rootObject = 39FA027F23A01181004A807A /* Project object */;
}
